
Microsoft Visual Studio Solution File, Format Version 12.00
Project("{2150E333-8FDC-42A3-9474-1A3956D46DE8}") = "Source", "Source", "{4AC17842-599C-43A4-BC6A-8C6A98608A37}"
EndProject
Project("{2150E333-8FDC-42A3-9474-1A3956D46DE8}") = "Tests", "Tests", "{147760F9-1489-4BF9-A67D-025F54EAD146}"
EndProject
Project("{FAE04EC0-301F-11D3-BF4B-00C04F79EFBC}") = "DDD.Core", "Source\DDD.Core\DDD.Core.csproj", "{C20B9EBE-C43C-49E9-85DA-44EFDF2793E1}"
EndProject
Project("{FAE04EC0-301F-11D3-BF4B-00C04F79EFBC}") = "ValueObjectTests", "Tests\ValueObjectTests\ValueObjectTests.csproj", "{245B3361-91A3-41BF-A56A-92F76A5E0A78}"
EndProject
Project("{FAE04EC0-301F-11D3-BF4B-00C04F79EFBC}") = "Results.Tests", "Tests\Results.Tests\Results.Tests.csproj", "{19D666C6-8146-42E9-9541-0BE80685E82D}"
EndProject
Project("{FAE04EC0-301F-11D3-BF4B-00C04F79EFBC}") = "DDD.EFCore", "Source\DDD.EFCore\DDD.EFCore.csproj", "{951A505E-A2B0-4BB0-8C62-01E2E248CE95}"
EndProject
Project("{FAE04EC0-301F-11D3-BF4B-00C04F79EFBC}") = "EFCore.Tests", "Tests\EFCore.Tests\EFCore.Tests.csproj", "{AAA65A0E-00E8-46AC-9778-CFC34C999C1C}"
EndProject
Project("{FAE04EC0-301F-11D3-BF4B-00C04F79EFBC}") = "DDD.Results", "Source\DDD.Results\DDD.Results.csproj", "{83CD36E5-E122-4268-B4E0-C6B321EAAF53}"
EndProject
Global
	GlobalSection(SolutionConfigurationPlatforms) = preSolution
		Debug|Any CPU = Debug|Any CPU
		Release|Any CPU = Release|Any CPU
	EndGlobalSection
	GlobalSection(NestedProjects) = preSolution
		{C20B9EBE-C43C-49E9-85DA-44EFDF2793E1} = {4AC17842-599C-43A4-BC6A-8C6A98608A37}
		{245B3361-91A3-41BF-A56A-92F76A5E0A78} = {147760F9-1489-4BF9-A67D-025F54EAD146}
		{19D666C6-8146-42E9-9541-0BE80685E82D} = {147760F9-1489-4BF9-A67D-025F54EAD146}
		{951A505E-A2B0-4BB0-8C62-01E2E248CE95} = {4AC17842-599C-43A4-BC6A-8C6A98608A37}
		{AAA65A0E-00E8-46AC-9778-CFC34C999C1C} = {147760F9-1489-4BF9-A67D-025F54EAD146}
		{83CD36E5-E122-4268-B4E0-C6B321EAAF53} = {4AC17842-599C-43A4-BC6A-8C6A98608A37}
	EndGlobalSection
	GlobalSection(ProjectConfigurationPlatforms) = postSolution
		{C20B9EBE-C43C-49E9-85DA-44EFDF2793E1}.Debug|Any CPU.ActiveCfg = Debug|Any CPU
		{C20B9EBE-C43C-49E9-85DA-44EFDF2793E1}.Debug|Any CPU.Build.0 = Debug|Any CPU
		{C20B9EBE-C43C-49E9-85DA-44EFDF2793E1}.Release|Any CPU.ActiveCfg = Release|Any CPU
		{C20B9EBE-C43C-49E9-85DA-44EFDF2793E1}.Release|Any CPU.Build.0 = Release|Any CPU
		{245B3361-91A3-41BF-A56A-92F76A5E0A78}.Debug|Any CPU.ActiveCfg = Debug|Any CPU
		{245B3361-91A3-41BF-A56A-92F76A5E0A78}.Debug|Any CPU.Build.0 = Debug|Any CPU
		{245B3361-91A3-41BF-A56A-92F76A5E0A78}.Release|Any CPU.ActiveCfg = Release|Any CPU
		{245B3361-91A3-41BF-A56A-92F76A5E0A78}.Release|Any CPU.Build.0 = Release|Any CPU
		{19D666C6-8146-42E9-9541-0BE80685E82D}.Debug|Any CPU.ActiveCfg = Debug|Any CPU
		{19D666C6-8146-42E9-9541-0BE80685E82D}.Debug|Any CPU.Build.0 = Debug|Any CPU
		{19D666C6-8146-42E9-9541-0BE80685E82D}.Release|Any CPU.ActiveCfg = Release|Any CPU
		{19D666C6-8146-42E9-9541-0BE80685E82D}.Release|Any CPU.Build.0 = Release|Any CPU
		{951A505E-A2B0-4BB0-8C62-01E2E248CE95}.Debug|Any CPU.ActiveCfg = Debug|Any CPU
		{951A505E-A2B0-4BB0-8C62-01E2E248CE95}.Debug|Any CPU.Build.0 = Debug|Any CPU
		{951A505E-A2B0-4BB0-8C62-01E2E248CE95}.Release|Any CPU.ActiveCfg = Release|Any CPU
		{951A505E-A2B0-4BB0-8C62-01E2E248CE95}.Release|Any CPU.Build.0 = Release|Any CPU
		{AAA65A0E-00E8-46AC-9778-CFC34C999C1C}.Debug|Any CPU.ActiveCfg = Debug|Any CPU
		{AAA65A0E-00E8-46AC-9778-CFC34C999C1C}.Debug|Any CPU.Build.0 = Debug|Any CPU
		{AAA65A0E-00E8-46AC-9778-CFC34C999C1C}.Release|Any CPU.ActiveCfg = Release|Any CPU
		{AAA65A0E-00E8-46AC-9778-CFC34C999C1C}.Release|Any CPU.Build.0 = Release|Any CPU
		{83CD36E5-E122-4268-B4E0-C6B321EAAF53}.Debug|Any CPU.ActiveCfg = Debug|Any CPU
		{83CD36E5-E122-4268-B4E0-C6B321EAAF53}.Debug|Any CPU.Build.0 = Debug|Any CPU
		{83CD36E5-E122-4268-B4E0-C6B321EAAF53}.Release|Any CPU.ActiveCfg = Release|Any CPU
		{83CD36E5-E122-4268-B4E0-C6B321EAAF53}.Release|Any CPU.Build.0 = Release|Any CPU
	EndGlobalSection
EndGlobal
