
Microsoft Visual Studio Solution File, Format Version 12.00
Project("{2150E333-8FDC-42A3-9474-1A3956D46DE8}") = "Source", "Source", "{4AC17842-599C-43A4-BC6A-8C6A98608A37}"
EndProject
Project("{2150E333-8FDC-42A3-9474-1A3956D46DE8}") = "Tests", "Tests", "{147760F9-1489-4BF9-A67D-025F54EAD146}"
EndProject
Project("{FAE04EC0-301F-11D3-BF4B-00C04F79EFBC}") = "DDD.Core", "Source\DDD.Core\DDD.Core.csproj", "{C20B9EBE-C43C-49E9-85DA-44EFDF2793E1}"
EndProject
Project("{FAE04EC0-301F-11D3-BF4B-00C04F79EFBC}") = "ValueObjectTests", "Tests\ValueObjectTests\ValueObjectTests.csproj", "{245B3361-91A3-41BF-A56A-92F76A5E0A78}"
EndProject
Project("{FAE04EC0-301F-11D3-BF4B-00C04F79EFBC}") = "ResultsTests", "Tests\ResultsTests\ResultsTests.csproj", "{19D666C6-8146-42E9-9541-0BE80685E82D}"
EndProject
Global
	GlobalSection(SolutionConfigurationPlatforms) = preSolution
		Debug|Any CPU = Debug|Any CPU
		Release|Any CPU = Release|Any CPU
	EndGlobalSection
	GlobalSection(NestedProjects) = preSolution
		{C20B9EBE-C43C-49E9-85DA-44EFDF2793E1} = {4AC17842-599C-43A4-BC6A-8C6A98608A37}
		{245B3361-91A3-41BF-A56A-92F76A5E0A78} = {147760F9-1489-4BF9-A67D-025F54EAD146}
		{19D666C6-8146-42E9-9541-0BE80685E82D} = {147760F9-1489-4BF9-A67D-025F54EAD146}
	EndGlobalSection
	GlobalSection(ProjectConfigurationPlatforms) = postSolution
		{C20B9EBE-C43C-49E9-85DA-44EFDF2793E1}.Debug|Any CPU.ActiveCfg = Debug|Any CPU
		{C20B9EBE-C43C-49E9-85DA-44EFDF2793E1}.Debug|Any CPU.Build.0 = Debug|Any CPU
		{C20B9EBE-C43C-49E9-85DA-44EFDF2793E1}.Release|Any CPU.ActiveCfg = Release|Any CPU
		{C20B9EBE-C43C-49E9-85DA-44EFDF2793E1}.Release|Any CPU.Build.0 = Release|Any CPU
		{245B3361-91A3-41BF-A56A-92F76A5E0A78}.Debug|Any CPU.ActiveCfg = Debug|Any CPU
		{245B3361-91A3-41BF-A56A-92F76A5E0A78}.Debug|Any CPU.Build.0 = Debug|Any CPU
		{245B3361-91A3-41BF-A56A-92F76A5E0A78}.Release|Any CPU.ActiveCfg = Release|Any CPU
		{245B3361-91A3-41BF-A56A-92F76A5E0A78}.Release|Any CPU.Build.0 = Release|Any CPU
		{19D666C6-8146-42E9-9541-0BE80685E82D}.Debug|Any CPU.ActiveCfg = Debug|Any CPU
		{19D666C6-8146-42E9-9541-0BE80685E82D}.Debug|Any CPU.Build.0 = Debug|Any CPU
		{19D666C6-8146-42E9-9541-0BE80685E82D}.Release|Any CPU.ActiveCfg = Release|Any CPU
		{19D666C6-8146-42E9-9541-0BE80685E82D}.Release|Any CPU.Build.0 = Release|Any CPU
	EndGlobalSection
EndGlobal
